
Microsoft Visual Studio Solution File, Format Version 12.00
# Visual Studio Version 17
VisualStudioVersion = 17.6.33712.159
MinimumVisualStudioVersion = 10.0.40219.1
Project("{FAE04EC0-301F-11D3-BF4B-00C04F79EFBC}") = "Vehicle Rental System", "Vehicle Rental System\Vehicle Rental System.csproj", "{284CCA44-7D68-4E1A-83BA-9A3E3FF88BD6}"
EndProject
Global
	GlobalSection(SolutionConfigurationPlatforms) = preSolution
		Debug|Any CPU = Debug|Any CPU
		Release|Any CPU = Release|Any CPU
	EndGlobalSection
	GlobalSection(ProjectConfigurationPlatforms) = postSolution
		{284CCA44-7D68-4E1A-83BA-9A3E3FF88BD6}.Debug|Any CPU.ActiveCfg = Debug|Any CPU
		{284CCA44-7D68-4E1A-83BA-9A3E3FF88BD6}.Debug|Any CPU.Build.0 = Debug|Any CPU
		{284CCA44-7D68-4E1A-83BA-9A3E3FF88BD6}.Release|Any CPU.ActiveCfg = Release|Any CPU
		{284CCA44-7D68-4E1A-83BA-9A3E3FF88BD6}.Release|Any CPU.Build.0 = Release|Any CPU
	EndGlobalSection
	GlobalSection(SolutionProperties) = preSolution
		HideSolutionNode = FALSE
	EndGlobalSection
	GlobalSection(ExtensibilityGlobals) = postSolution
		SolutionGuid = {9A2DDFEF-184F-4BE1-AA91-44EC1936F491}
	EndGlobalSection
EndGlobal
